{
  "lockfileVersion": 1,
  "workspaces": {
    "": {
      "name": "mocky",
      "dependencies": {
        "@ai-sdk/azure": "^1.3.21",
        "@ai-sdk/openai": "^1.3.20",
        "@clack/prompts": "^0.10.1",
        "ai": "^4.3.10",
        "chalk": "^5.4.1",
        "cli-progress": "^3.12.0",
        "fuse.js": "^7.1.0",
        "zod": "^3.24.3",
      },
      "devDependencies": {
        "@types/bun": "latest",
        "@types/cli-progress": "^3.11.6",
        "bunup": "^0.5.11",
      },
      "peerDependencies": {
        "typescript": "^5",
      },
    },
  },
  "packages": {
    "@ai-sdk/azure": ["@ai-sdk/azure@1.3.21", "https://nexus.lseg.stockex.local/repository/npm-all/@ai-sdk/azure/-/azure-1.3.21.tgz", { "dependencies": { "@ai-sdk/openai": "1.3.20", "@ai-sdk/provider": "1.1.3", "@ai-sdk/provider-utils": "2.2.7" }, "peerDependencies": { "zod": "^3.0.0" } }, "sha512-GiLnGScVUerruvkS6E3Rd55YXBb1TI15c5y9GxphJEPsU8jzVha5GKpN3+9hWM9OBgIrJlWKumlSfpVpbcNFJA=="],

    "@ai-sdk/openai": ["@ai-sdk/openai@1.3.20", "https://nexus.lseg.stockex.local/repository/npm-all/@ai-sdk/openai/-/openai-1.3.20.tgz", { "dependencies": { "@ai-sdk/provider": "1.1.3", "@ai-sdk/provider-utils": "2.2.7" }, "peerDependencies": { "zod": "^3.0.0" } }, "sha512-/DflUy7ROG9k6n6YTXMBFPbujBKnbGY58f3CwvicLvDar9nDAloVnUWd3LUoOxpSVnX8vtQ7ngxF52SLWO6RwQ=="],

    "@ai-sdk/provider": ["@ai-sdk/provider@1.1.3", "https://nexus.lseg.stockex.local/repository/npm-all/@ai-sdk/provider/-/provider-1.1.3.tgz", { "dependencies": { "json-schema": "^0.4.0" } }, "sha512-qZMxYJ0qqX/RfnuIaab+zp8UAeJn/ygXXAffR5I4N0n1IrvA6qBsjc8hXLmBiMV2zoXlifkacF7sEFnYnjBcqg=="],

    "@ai-sdk/provider-utils": ["@ai-sdk/provider-utils@2.2.7", "https://nexus.lseg.stockex.local/repository/npm-all/@ai-sdk/provider-utils/-/provider-utils-2.2.7.tgz", { "dependencies": { "@ai-sdk/provider": "1.1.3", "nanoid": "^3.3.8", "secure-json-parse": "^2.7.0" }, "peerDependencies": { "zod": "^3.23.8" } }, "sha512-kM0xS3GWg3aMChh9zfeM+80vEZfXzR3JEUBdycZLtbRZ2TRT8xOj3WodGHPb06sUK5yD7pAXC/P7ctsi2fvUGQ=="],

    "@ai-sdk/react": ["@ai-sdk/react@1.2.9", "https://nexus.lseg.stockex.local/repository/npm-all/@ai-sdk/react/-/react-1.2.9.tgz", { "dependencies": { "@ai-sdk/provider-utils": "2.2.7", "@ai-sdk/ui-utils": "1.2.8", "swr": "^2.2.5", "throttleit": "2.1.0" }, "peerDependencies": { "react": "^18 || ^19 || ^19.0.0-rc", "zod": "^3.23.8" }, "optionalPeers": ["zod"] }, "sha512-/VYm8xifyngaqFDLXACk/1czDRCefNCdALUyp+kIX6DUIYUWTM93ISoZ+qJ8+3E+FiJAKBQz61o8lIIl+vYtzg=="],

    "@ai-sdk/ui-utils": ["@ai-sdk/ui-utils@1.2.8", "https://nexus.lseg.stockex.local/repository/npm-all/@ai-sdk/ui-utils/-/ui-utils-1.2.8.tgz", { "dependencies": { "@ai-sdk/provider": "1.1.3", "@ai-sdk/provider-utils": "2.2.7", "zod-to-json-schema": "^3.24.1" }, "peerDependencies": { "zod": "^3.23.8" } }, "sha512-nls/IJCY+ks3Uj6G/agNhXqQeLVqhNfoJbuNgCny+nX2veY5ADB91EcZUqVeQ/ionul2SeUswPY6Q/DxteY29Q=="],

    "@babel/generator": ["@babel/generator@7.27.0", "https://nexus.lseg.stockex.local/repository/npm-all/@babel/generator/-/generator-7.27.0.tgz", { "dependencies": { "@babel/parser": "^7.27.0", "@babel/types": "^7.27.0", "@jridgewell/gen-mapping": "^0.3.5", "@jridgewell/trace-mapping": "^0.3.25", "jsesc": "^3.0.2" } }, "sha512-VybsKvpiN1gU1sdMZIp7FcqphVVKEwcuj02x73uvcHE0PTihx1nlBcowYWhDwjpoAXRv43+gDzyggGnn1XZhVw=="],

    "@babel/helper-string-parser": ["@babel/helper-string-parser@7.25.9", "https://nexus.lseg.stockex.local/repository/npm-all/@babel/helper-string-parser/-/helper-string-parser-7.25.9.tgz", {}, "sha512-4A/SCr/2KLd5jrtOMFzaKjVtAei3+2r/NChoBNoZ3EyP/+GlhoaEGoWOZUmFmoITP7zOJyHIMm+DYRd8o3PvHA=="],

    "@babel/helper-validator-identifier": ["@babel/helper-validator-identifier@7.25.9", "https://nexus.lseg.stockex.local/repository/npm-all/@babel/helper-validator-identifier/-/helper-validator-identifier-7.25.9.tgz", {}, "sha512-Ed61U6XJc3CVRfkERJWDz4dJwKe7iLmmJsbOGu9wSloNSFttHV0I8g6UAgb7qnK5ly5bGLPd4oXZlxCdANBOWQ=="],

    "@babel/parser": ["@babel/parser@7.27.0", "https://nexus.lseg.stockex.local/repository/npm-all/@babel/parser/-/parser-7.27.0.tgz", { "dependencies": { "@babel/types": "^7.27.0" }, "bin": "./bin/babel-parser.js" }, "sha512-iaepho73/2Pz7w2eMS0Q5f83+0RKI7i4xmiYeBmDzfRVbQtTOG7Ts0S4HzJVsTMGI9keU8rNfuZr8DKfSt7Yyg=="],

    "@babel/types": ["@babel/types@7.27.0", "https://nexus.lseg.stockex.local/repository/npm-all/@babel/types/-/types-7.27.0.tgz", { "dependencies": { "@babel/helper-string-parser": "^7.25.9", "@babel/helper-validator-identifier": "^7.25.9" } }, "sha512-H45s8fVLYjbhFH62dIJ3WtmJ6RSPt/3DRO0ZcT2SUiYiQyz3BLVb9ADEnLl91m74aQPS3AzzeajZHYOalWe3bg=="],

    "@clack/core": ["@clack/core@0.4.2", "https://nexus.lseg.stockex.local/repository/npm-all/@clack/core/-/core-0.4.2.tgz", { "dependencies": { "picocolors": "^1.0.0", "sisteransi": "^1.0.5" } }, "sha512-NYQfcEy8MWIxrT5Fj8nIVchfRFA26yYKJcvBS7WlUIlw2OmQOY9DhGGXMovyI5J5PpxrCPGkgUi207EBrjpBvg=="],

    "@clack/prompts": ["@clack/prompts@0.10.1", "https://nexus.lseg.stockex.local/repository/npm-all/@clack/prompts/-/prompts-0.10.1.tgz", { "dependencies": { "@clack/core": "0.4.2", "picocolors": "^1.0.0", "sisteransi": "^1.0.5" } }, "sha512-Q0T02vx8ZM9XSv9/Yde0jTmmBQufZhPJfYAg2XrrrxWWaZgq1rr8nU8Hv710BQ1dhoP8rtY7YUdpGej2Qza/cw=="],

    "@emnapi/core": ["@emnapi/core@1.4.3", "https://nexus.lseg.stockex.local/repository/npm-all/@emnapi/core/-/core-1.4.3.tgz", { "dependencies": { "@emnapi/wasi-threads": "1.0.2", "tslib": "^2.4.0" } }, "sha512-4m62DuCE07lw01soJwPiBGC0nAww0Q+RY70VZ+n49yDIO13yyinhbWCeNnaob0lakDtWQzSdtNWzJeOJt2ma+g=="],

    "@emnapi/runtime": ["@emnapi/runtime@1.4.3", "https://nexus.lseg.stockex.local/repository/npm-all/@emnapi/runtime/-/runtime-1.4.3.tgz", { "dependencies": { "tslib": "^2.4.0" } }, "sha512-pBPWdu6MLKROBX05wSNKcNb++m5Er+KQ9QkB+WVM+pW2Kx9hoSrVTnu3BdkI5eBLZoKu/J6mW/B6i6bJB2ytXQ=="],

    "@emnapi/wasi-threads": ["@emnapi/wasi-threads@1.0.2", "https://nexus.lseg.stockex.local/repository/npm-all/@emnapi/wasi-threads/-/wasi-threads-1.0.2.tgz", { "dependencies": { "tslib": "^2.4.0" } }, "sha512-5n3nTJblwRi8LlXkJ9eBzu+kZR8Yxcc7ubakyQTFzPMtIhFpUBRbsnc2Dv88IZDIbCDlBiWrknhB4Lsz7mg6BA=="],

    "@jridgewell/gen-mapping": ["@jridgewell/gen-mapping@0.3.8", "https://nexus.lseg.stockex.local/repository/npm-all/@jridgewell/gen-mapping/-/gen-mapping-0.3.8.tgz", { "dependencies": { "@jridgewell/set-array": "^1.2.1", "@jridgewell/sourcemap-codec": "^1.4.10", "@jridgewell/trace-mapping": "^0.3.24" } }, "sha512-imAbBGkb+ebQyxKgzv5Hu2nmROxoDOXHh80evxdoXNOrvAnVx7zimzc1Oo5h9RlfV4vPXaE2iM5pOFbvOCClWA=="],

    "@jridgewell/resolve-uri": ["@jridgewell/resolve-uri@3.1.2", "https://nexus.lseg.stockex.local/repository/npm-all/@jridgewell/resolve-uri/-/resolve-uri-3.1.2.tgz", {}, "sha512-bRISgCIjP20/tbWSPWMEi54QVPRZExkuD9lJL+UIxUKtwVJA8wW1Trb1jMs1RFXo1CBTNZ/5hpC9QvmKWdopKw=="],

    "@jridgewell/set-array": ["@jridgewell/set-array@1.2.1", "https://nexus.lseg.stockex.local/repository/npm-all/@jridgewell/set-array/-/set-array-1.2.1.tgz", {}, "sha512-R8gLRTZeyp03ymzP/6Lil/28tGeGEzhx1q2k703KGWRAI1VdvPIXdG70VJc2pAMw3NA6JKL5hhFu1sJX0Mnn/A=="],

    "@jridgewell/sourcemap-codec": ["@jridgewell/sourcemap-codec@1.5.0", "https://nexus.lseg.stockex.local/repository/npm-all/@jridgewell/sourcemap-codec/-/sourcemap-codec-1.5.0.tgz", {}, "sha512-gv3ZRaISU3fjPAgNsriBRqGWQL6quFx04YMPW/zD8XMLsU32mhCCbfbO6KZFLjvYpCZ8zyDEgqsgf+PwPaM7GQ=="],

    "@jridgewell/trace-mapping": ["@jridgewell/trace-mapping@0.3.25", "https://nexus.lseg.stockex.local/repository/npm-all/@jridgewell/trace-mapping/-/trace-mapping-0.3.25.tgz", { "dependencies": { "@jridgewell/resolve-uri": "^3.1.0", "@jridgewell/sourcemap-codec": "^1.4.14" } }, "sha512-vNk6aEwybGtawWmy/PzwnGDOjCkLWSD2wqvjGGAgOAwCGWySYXfYoxt00IJkTF+8Lb57DwOb3Aa0o9CApepiYQ=="],

    "@napi-rs/wasm-runtime": ["@napi-rs/wasm-runtime@0.2.9", "https://nexus.lseg.stockex.local/repository/npm-all/@napi-rs/wasm-runtime/-/wasm-runtime-0.2.9.tgz", { "dependencies": { "@emnapi/core": "^1.4.0", "@emnapi/runtime": "^1.4.0", "@tybys/wasm-util": "^0.9.0" } }, "sha512-OKRBiajrrxB9ATokgEQoG87Z25c67pCpYcCwmXYX8PBftC9pBfN18gnm/fh1wurSLEKIAt+QRFLFCQISrb66Jg=="],

    "@opentelemetry/api": ["@opentelemetry/api@1.9.0", "https://nexus.lseg.stockex.local/repository/npm-all/@opentelemetry/api/-/api-1.9.0.tgz", {}, "sha512-3giAOQvZiH5F9bMlMiv8+GSPMeqg0dbaeo58/0SlA9sxSqZhnUtxzX9/2FzyhS9sWQf5S0GJE0AKBrFqjpeYcg=="],

    "@oxc-project/types": ["@oxc-project/types@0.61.2", "https://nexus.lseg.stockex.local/repository/npm-all/@oxc-project/types/-/types-0.61.2.tgz", {}, "sha512-rfuwJwvwn9MRthHNXlSo9Eka/u7gC0MhnWAoX3BhE1+rwPOl22nq0K0Y997Hof0tHCOuD7H3/Z8HTfCVhB4c5Q=="],

    "@oxc-resolver/binding-darwin-arm64": ["@oxc-resolver/binding-darwin-arm64@5.3.0", "https://nexus.lseg.stockex.local/repository/npm-all/@oxc-resolver/binding-darwin-arm64/-/binding-darwin-arm64-5.3.0.tgz", { "os": "darwin", "cpu": "arm64" }, "sha512-hXem5ZAguS7IlSiHg/LK0tEfLj4eUo+9U6DaFwwBEGd0L0VIF9LmuiHydRyOrdnnmi9iAAFMAn/wl2cUoiuruA=="],

    "@oxc-resolver/binding-darwin-x64": ["@oxc-resolver/binding-darwin-x64@5.3.0", "https://nexus.lseg.stockex.local/repository/npm-all/@oxc-resolver/binding-darwin-x64/-/binding-darwin-x64-5.3.0.tgz", { "os": "darwin", "cpu": "x64" }, "sha512-wgSwfsZkRbuYCIBLxeg1bYrtKnirAy+IJF0lwfz4z08clgdNBDbfGECJe/cd0csIZPpRcvPFe8317yf31sWhtA=="],

    "@oxc-resolver/binding-freebsd-x64": ["@oxc-resolver/binding-freebsd-x64@5.3.0", "https://nexus.lseg.stockex.local/repository/npm-all/@oxc-resolver/binding-freebsd-x64/-/binding-freebsd-x64-5.3.0.tgz", { "os": "freebsd", "cpu": "x64" }, "sha512-kzeE2WHgcRMmWjB071RdwEV5Pwke4o0WWslCKoh8if1puvxIxfzu3o7g6P2+v77BP5qop4cri+uvLABSO0WZjg=="],

    "@oxc-resolver/binding-linux-arm-gnueabihf": ["@oxc-resolver/binding-linux-arm-gnueabihf@5.3.0", "https://nexus.lseg.stockex.local/repository/npm-all/@oxc-resolver/binding-linux-arm-gnueabihf/-/binding-linux-arm-gnueabihf-5.3.0.tgz", { "os": "linux", "cpu": "arm" }, "sha512-I8np34yZP/XfIkZNDbw3rweqVgfjmHYpNX3xnJZWg+f4mgO9/UNWBwetSaqXeDZqvIch/aHak+q4HVrQhQKCqg=="],

    "@oxc-resolver/binding-linux-arm64-gnu": ["@oxc-resolver/binding-linux-arm64-gnu@5.3.0", "https://nexus.lseg.stockex.local/repository/npm-all/@oxc-resolver/binding-linux-arm64-gnu/-/binding-linux-arm64-gnu-5.3.0.tgz", { "os": "linux", "cpu": "arm64" }, "sha512-u2ndfeEUrW898eXM+qPxIN8TvTPjI90NDQBRgaxxkOfNw3xaotloeiZGz5+Yzlfxgvxr9DY9FdYkqhUhSnGhOw=="],

    "@oxc-resolver/binding-linux-arm64-musl": ["@oxc-resolver/binding-linux-arm64-musl@5.3.0", "https://nexus.lseg.stockex.local/repository/npm-all/@oxc-resolver/binding-linux-arm64-musl/-/binding-linux-arm64-musl-5.3.0.tgz", { "os": "linux", "cpu": "arm64" }, "sha512-TzbjmFkcnESGuVItQ2diKacX8vu5G0bH3BHmIlmY4OSRLyoAlrJFwGKAHmh6C9+Amfcjo2rx8vdm7swzmsGC6Q=="],

    "@oxc-resolver/binding-linux-riscv64-gnu": ["@oxc-resolver/binding-linux-riscv64-gnu@5.3.0", "https://nexus.lseg.stockex.local/repository/npm-all/@oxc-resolver/binding-linux-riscv64-gnu/-/binding-linux-riscv64-gnu-5.3.0.tgz", { "os": "linux", "cpu": "none" }, "sha512-NH3pjAqh8nuN29iRuRfTY42Vn03ctoR9VE8llfoUKUfhHUjFHYOXK5VSkhjj1usG8AeuesvqrQnLptCRQVTi/Q=="],

    "@oxc-resolver/binding-linux-s390x-gnu": ["@oxc-resolver/binding-linux-s390x-gnu@5.3.0", "https://nexus.lseg.stockex.local/repository/npm-all/@oxc-resolver/binding-linux-s390x-gnu/-/binding-linux-s390x-gnu-5.3.0.tgz", { "os": "linux", "cpu": "s390x" }, "sha512-tuZtkK9sJYh2MC2uhol1M/8IMTB6ZQ5jmqP2+k5XNXnOb/im94Y5uV/u2lXwVyIuKHZZHtr+0d1HrOiNahoKpw=="],

    "@oxc-resolver/binding-linux-x64-gnu": ["@oxc-resolver/binding-linux-x64-gnu@5.3.0", "https://nexus.lseg.stockex.local/repository/npm-all/@oxc-resolver/binding-linux-x64-gnu/-/binding-linux-x64-gnu-5.3.0.tgz", { "os": "linux", "cpu": "x64" }, "sha512-VzhPYmZCtoES/ThcPdGSmMop7JlwgqtSvlgtKCW15ByV2JKyl8kHAHnPSBfpIooXb0ehFnRdxFtL9qtAEWy01g=="],

    "@oxc-resolver/binding-linux-x64-musl": ["@oxc-resolver/binding-linux-x64-musl@5.3.0", "https://nexus.lseg.stockex.local/repository/npm-all/@oxc-resolver/binding-linux-x64-musl/-/binding-linux-x64-musl-5.3.0.tgz", { "os": "linux", "cpu": "x64" }, "sha512-Hi39cWzul24rGljN4Vf1lxjXzQdCrdxO5oCT7KJP4ndSlqIUODJnfnMAP1YhcnIRvNvk+5E6sZtnEmFUd/4d8Q=="],

    "@oxc-resolver/binding-wasm32-wasi": ["@oxc-resolver/binding-wasm32-wasi@5.3.0", "https://nexus.lseg.stockex.local/repository/npm-all/@oxc-resolver/binding-wasm32-wasi/-/binding-wasm32-wasi-5.3.0.tgz", { "dependencies": { "@napi-rs/wasm-runtime": "^0.2.9" }, "cpu": "none" }, "sha512-ddujvHhP3chmHnSXRlkPVUeYj4/B7eLZwL4yUid+df3WCbVh6DgoT9RmllZn21AhxgKtMdekDdyVJYKFd8tl4A=="],

    "@oxc-resolver/binding-win32-arm64-msvc": ["@oxc-resolver/binding-win32-arm64-msvc@5.3.0", "https://nexus.lseg.stockex.local/repository/npm-all/@oxc-resolver/binding-win32-arm64-msvc/-/binding-win32-arm64-msvc-5.3.0.tgz", { "os": "win32", "cpu": "arm64" }, "sha512-j1YYPLvUkMVNKmIFQZZJ7q6Do4cI3htUnyxNLwDSBVhSohvPIK2VG+IdtOAlWZGa7v+phEZsHfNbXVwB0oPYFQ=="],

    "@oxc-resolver/binding-win32-x64-msvc": ["@oxc-resolver/binding-win32-x64-msvc@5.3.0", "https://nexus.lseg.stockex.local/repository/npm-all/@oxc-resolver/binding-win32-x64-msvc/-/binding-win32-x64-msvc-5.3.0.tgz", { "os": "win32", "cpu": "x64" }, "sha512-LT9eOPPUqfZscQRd5mc08RBeDWOQf+dnOrKnanMallTGPe6g7+rcAlFTA8SWoJbcD45PV8yArFtCmSQSpzHZmg=="],

    "@oxc-transform/binding-darwin-arm64": ["@oxc-transform/binding-darwin-arm64@0.58.1", "https://nexus.lseg.stockex.local/repository/npm-all/@oxc-transform/binding-darwin-arm64/-/binding-darwin-arm64-0.58.1.tgz", { "os": "darwin", "cpu": "arm64" }, "sha512-iOTmbTaYMrx61Vxh9uvl9PGileR/d98NuaESOVB5FFrN4rcqFs5rGLiRqQm8T87GCCGXyfP3S44glprVS3s/0A=="],

    "@oxc-transform/binding-darwin-x64": ["@oxc-transform/binding-darwin-x64@0.58.1", "https://nexus.lseg.stockex.local/repository/npm-all/@oxc-transform/binding-darwin-x64/-/binding-darwin-x64-0.58.1.tgz", { "os": "darwin", "cpu": "x64" }, "sha512-NdsVLQTw8FJe0Bb0i6Nj7Rtem+vo3ABnHcn08wA8l9mDMZKlrIHWwH6HY9g8P4qvE1jJ1HA/IkqtPU5PQfgv0A=="],

    "@oxc-transform/binding-linux-arm-gnueabihf": ["@oxc-transform/binding-linux-arm-gnueabihf@0.58.1", "https://nexus.lseg.stockex.local/repository/npm-all/@oxc-transform/binding-linux-arm-gnueabihf/-/binding-linux-arm-gnueabihf-0.58.1.tgz", { "os": "linux", "cpu": "arm" }, "sha512-BxL5IBfid1Xp+bSEgELAvq+e/Zfd60tV/0nSaTwXgEAnAvOU8abrAPuiXpciZKNBGZ8R6W2Iy/yDUeiF/IBFiA=="],

    "@oxc-transform/binding-linux-arm64-gnu": ["@oxc-transform/binding-linux-arm64-gnu@0.58.1", "https://nexus.lseg.stockex.local/repository/npm-all/@oxc-transform/binding-linux-arm64-gnu/-/binding-linux-arm64-gnu-0.58.1.tgz", { "os": "linux", "cpu": "arm64" }, "sha512-HwA3Gsitz/LL+DkPgpHAc6sANTSnInmlq76MV3zf0tw5iMs9kLiQ2W61dM+D9NNwfHvrY3O0uyLR965R/vW11A=="],

    "@oxc-transform/binding-linux-arm64-musl": ["@oxc-transform/binding-linux-arm64-musl@0.58.1", "https://nexus.lseg.stockex.local/repository/npm-all/@oxc-transform/binding-linux-arm64-musl/-/binding-linux-arm64-musl-0.58.1.tgz", { "os": "linux", "cpu": "arm64" }, "sha512-wUkArdXty35Yzl2qc9ECoFOujzMj/XZ0HEZoSAhdw/NkS4CjowNgV06tUvUesmwG3NV8p37hJdT+M7r3u+zH8Q=="],

    "@oxc-transform/binding-linux-x64-gnu": ["@oxc-transform/binding-linux-x64-gnu@0.58.1", "https://nexus.lseg.stockex.local/repository/npm-all/@oxc-transform/binding-linux-x64-gnu/-/binding-linux-x64-gnu-0.58.1.tgz", { "os": "linux", "cpu": "x64" }, "sha512-ED/4ZLRP59TOFsfJ60LEFa7RWKVm8aC+L/0IwDtckNlixk06jy4YyH56RGifJPd6Li2sTaLE0VOVgkJ2cgWEig=="],

    "@oxc-transform/binding-linux-x64-musl": ["@oxc-transform/binding-linux-x64-musl@0.58.1", "https://nexus.lseg.stockex.local/repository/npm-all/@oxc-transform/binding-linux-x64-musl/-/binding-linux-x64-musl-0.58.1.tgz", { "os": "linux", "cpu": "x64" }, "sha512-xdlYvnkxe8QL7oWsmir4bZNNwPWMKy8twCLB5UG5rM4/COOhl3APuW1oRDFghhF/0kJHaCYT0KdVtOchFKIHAg=="],

    "@oxc-transform/binding-wasm32-wasi": ["@oxc-transform/binding-wasm32-wasi@0.58.1", "https://nexus.lseg.stockex.local/repository/npm-all/@oxc-transform/binding-wasm32-wasi/-/binding-wasm32-wasi-0.58.1.tgz", { "dependencies": { "@napi-rs/wasm-runtime": "^0.2.7" }, "cpu": "none" }, "sha512-rD+riAK0v3MHIFyUo6+xqDEOi/MHVknNaJxWeWuyahn+ZGQC3jBOG0dGVq3x+px8DBqvlfihiDs3tkIDnc6BJQ=="],

    "@oxc-transform/binding-win32-arm64-msvc": ["@oxc-transform/binding-win32-arm64-msvc@0.58.1", "https://nexus.lseg.stockex.local/repository/npm-all/@oxc-transform/binding-win32-arm64-msvc/-/binding-win32-arm64-msvc-0.58.1.tgz", { "os": "win32", "cpu": "arm64" }, "sha512-jrCOvmabG9TVV/OvO7M3WSXkBX4aZ8RjOwsZEWcMiKeybmUr8E8XHx0YdwzL1M8MSKpdctoHPv1nz3SqM7uo6Q=="],

    "@oxc-transform/binding-win32-x64-msvc": ["@oxc-transform/binding-win32-x64-msvc@0.58.1", "https://nexus.lseg.stockex.local/repository/npm-all/@oxc-transform/binding-win32-x64-msvc/-/binding-win32-x64-msvc-0.58.1.tgz", { "os": "win32", "cpu": "x64" }, "sha512-612E4VNg9wK5cpGjaHjdW+aD3b1w80lps6rsFEsWejGB5nF5OkXS8uZxS1iQE/16JUoFNUcH+3yyqQP7ljdOuA=="],

    "@rolldown/binding-darwin-arm64": ["@rolldown/binding-darwin-arm64@1.0.0-beta.7", "https://nexus.lseg.stockex.local/repository/npm-all/@rolldown/binding-darwin-arm64/-/binding-darwin-arm64-1.0.0-beta.7.tgz", { "os": "darwin", "cpu": "arm64" }, "sha512-spVRMdG9NotVYfrc94W8zMKEqLFbxm/dzkBjTfKzXMqhyBryo1lwZ14o8xFb3lM/ON/ZUT7laR9y+r6SIUtFrg=="],

    "@rolldown/binding-darwin-x64": ["@rolldown/binding-darwin-x64@1.0.0-beta.7", "https://nexus.lseg.stockex.local/repository/npm-all/@rolldown/binding-darwin-x64/-/binding-darwin-x64-1.0.0-beta.7.tgz", { "os": "darwin", "cpu": "x64" }, "sha512-6d6PicpBNLWJUyGO1b87QOBtQuqL1X9qVugi+kyGcChxW2bL87/CIBAJDu1g3mM62xSzxUitGa2YWRMhMJu2OA=="],

    "@rolldown/binding-freebsd-x64": ["@rolldown/binding-freebsd-x64@1.0.0-beta.7", "https://nexus.lseg.stockex.local/repository/npm-all/@rolldown/binding-freebsd-x64/-/binding-freebsd-x64-1.0.0-beta.7.tgz", { "os": "freebsd", "cpu": "x64" }, "sha512-RCKUAMUr1+F1wDSUmWUoGimCNAoQ9km5SRIEhrTlCOXe4wv+rY4o07cTaBjehBm+GtT+u0r36SW2gOmikivj9Q=="],

    "@rolldown/binding-linux-arm-gnueabihf": ["@rolldown/binding-linux-arm-gnueabihf@1.0.0-beta.7", "https://nexus.lseg.stockex.local/repository/npm-all/@rolldown/binding-linux-arm-gnueabihf/-/binding-linux-arm-gnueabihf-1.0.0-beta.7.tgz", { "os": "linux", "cpu": "arm" }, "sha512-SRGp4RaUC2oFZTDtLSRePWWE5F4C5vrlsr/a3+/mBlBVUdSrB7341hqAEcezW3YYHQOT/j9CPXu2NULENSywwQ=="],

    "@rolldown/binding-linux-arm64-gnu": ["@rolldown/binding-linux-arm64-gnu@1.0.0-beta.7", "https://nexus.lseg.stockex.local/repository/npm-all/@rolldown/binding-linux-arm64-gnu/-/binding-linux-arm64-gnu-1.0.0-beta.7.tgz", { "os": "linux", "cpu": "arm64" }, "sha512-q6Szr5o54lJWir2uYxwxDoOUdSCrA2Nb8sKqQRnJHP9985o0uxeq85LKvMubFRgTKq9Q71ZZPrZBs7pwr4ji1Q=="],

    "@rolldown/binding-linux-arm64-musl": ["@rolldown/binding-linux-arm64-musl@1.0.0-beta.7", "https://nexus.lseg.stockex.local/repository/npm-all/@rolldown/binding-linux-arm64-musl/-/binding-linux-arm64-musl-1.0.0-beta.7.tgz", { "os": "linux", "cpu": "arm64" }, "sha512-MiEE4ReEw7jdxKE8eKTdt3z7N1sucgSb1J0BUY3Dd8YKLjh2jNYHhJu13/tCo2DBMZxT+FDJE3WJ5kCxZA7+YA=="],

    "@rolldown/binding-linux-x64-gnu": ["@rolldown/binding-linux-x64-gnu@1.0.0-beta.7", "https://nexus.lseg.stockex.local/repository/npm-all/@rolldown/binding-linux-x64-gnu/-/binding-linux-x64-gnu-1.0.0-beta.7.tgz", { "os": "linux", "cpu": "x64" }, "sha512-2yDNUKQidgcZr/VSJCUy9IGvtcF/GfBEBrCsqvSkVKMNLNySICvybAwKtCNPeZSOwf875CWnnyKNeg5vwV6rMg=="],

    "@rolldown/binding-linux-x64-musl": ["@rolldown/binding-linux-x64-musl@1.0.0-beta.7", "https://nexus.lseg.stockex.local/repository/npm-all/@rolldown/binding-linux-x64-musl/-/binding-linux-x64-musl-1.0.0-beta.7.tgz", { "os": "linux", "cpu": "x64" }, "sha512-72LjHkY9Sqav35qopNh4fabhSsqKWmOwMtjmrNgONTtC5LhALjNZlaXkAaFvQRJ8N7ftT8BOITzaZeqrF6BYdg=="],

    "@rolldown/binding-wasm32-wasi": ["@rolldown/binding-wasm32-wasi@1.0.0-beta.7", "https://nexus.lseg.stockex.local/repository/npm-all/@rolldown/binding-wasm32-wasi/-/binding-wasm32-wasi-1.0.0-beta.7.tgz", { "dependencies": { "@napi-rs/wasm-runtime": "^0.2.4" }, "cpu": "none" }, "sha512-sR8q2p3j5ZCkFWPbm6LUIYE7SHfmrVqXu0n4CFpzmAM95pDhFRx8SzT/oL5tkFN+mCdnPpzcvpn9OioVXQ8CxA=="],

    "@rolldown/binding-win32-arm64-msvc": ["@rolldown/binding-win32-arm64-msvc@1.0.0-beta.7", "https://nexus.lseg.stockex.local/repository/npm-all/@rolldown/binding-win32-arm64-msvc/-/binding-win32-arm64-msvc-1.0.0-beta.7.tgz", { "os": "win32", "cpu": "arm64" }, "sha512-eeSNGdZt01NelYGl5LZc3cSwN4iYG5XE8zMqkILErfW6ndpc74DKeDWI0aG8jmtjz5VerLA4B9DzOkhuFj4lNg=="],

    "@rolldown/binding-win32-ia32-msvc": ["@rolldown/binding-win32-ia32-msvc@1.0.0-beta.7", "https://nexus.lseg.stockex.local/repository/npm-all/@rolldown/binding-win32-ia32-msvc/-/binding-win32-ia32-msvc-1.0.0-beta.7.tgz", { "os": "win32", "cpu": "ia32" }, "sha512-d7Uhs3LWirrE4+TRa2N25AqrZaZjYZdOrKSYbZFMF42tFkWIgGWPCQouTqjMgjVGX0feJpF7+9dwVhjZFzZbYA=="],

    "@rolldown/binding-win32-x64-msvc": ["@rolldown/binding-win32-x64-msvc@1.0.0-beta.7", "https://nexus.lseg.stockex.local/repository/npm-all/@rolldown/binding-win32-x64-msvc/-/binding-win32-x64-msvc-1.0.0-beta.7.tgz", { "os": "win32", "cpu": "x64" }, "sha512-Z3P1JHx+U7Sr73v5wJtEygxboF2VR9ds4eSAgFfslhIxFI48FFm+WEMeuLLeqnx0tiq1UL6cIIg5+h3mlaG6UA=="],

    "@tybys/wasm-util": ["@tybys/wasm-util@0.9.0", "https://nexus.lseg.stockex.local/repository/npm-all/@tybys/wasm-util/-/wasm-util-0.9.0.tgz", { "dependencies": { "tslib": "^2.4.0" } }, "sha512-6+7nlbMVX/PVDCwaIQ8nTOPveOcFLSt8GcXdx8hD0bt39uWxYT88uXzqTd4fTvqta7oeUJqudepapKNt2DYJFw=="],

    "@types/bun": ["@types/bun@1.2.11", "https://nexus.lseg.stockex.local/repository/npm-all/@types/bun/-/bun-1.2.11.tgz", { "dependencies": { "bun-types": "1.2.11" } }, "sha512-ZLbbI91EmmGwlWTRWuV6J19IUiUC5YQ3TCEuSHI3usIP75kuoA8/0PVF+LTrbEnVc8JIhpElWOxv1ocI1fJBbw=="],

    "@types/cli-progress": ["@types/cli-progress@3.11.6", "https://nexus.lseg.stockex.local/repository/npm-all/@types/cli-progress/-/cli-progress-3.11.6.tgz", { "dependencies": { "@types/node": "*" } }, "sha512-cE3+jb9WRlu+uOSAugewNpITJDt1VF8dHOopPO4IABFc3SXYL5WE/+PTz/FCdZRRfIujiWW3n3aMbv1eIGVRWA=="],

    "@types/diff-match-patch": ["@types/diff-match-patch@1.0.36", "https://nexus.lseg.stockex.local/repository/npm-all/@types/diff-match-patch/-/diff-match-patch-1.0.36.tgz", {}, "sha512-xFdR6tkm0MWvBfO8xXCSsinYxHcqkQUlcHeSpMC2ukzOb6lwQAfDmW+Qt0AvlGd8HpsS28qKsB+oPeJn9I39jg=="],

    "@types/node": ["@types/node@22.15.3", "https://nexus.lseg.stockex.local/repository/npm-all/@types/node/-/node-22.15.3.tgz", { "dependencies": { "undici-types": "~6.21.0" } }, "sha512-lX7HFZeHf4QG/J7tBZqrCAXwz9J5RD56Y6MpP0eJkka8p+K0RY/yBTW7CYFJ4VGCclxqOLKmiGP5juQc6MKgcw=="],

    "@valibot/to-json-schema": ["@valibot/to-json-schema@1.0.0", "https://nexus.lseg.stockex.local/repository/npm-all/@valibot/to-json-schema/-/to-json-schema-1.0.0.tgz", { "peerDependencies": { "valibot": "^1.0.0" } }, "sha512-/9crJgPptVsGCL6X+JPDQyaJwkalSZ/52WuF8DiRUxJgcmpNdzYRfZ+gqMEP8W3CTVfuMWPqqvIgfwJ97f9Etw=="],

    "ai": ["ai@4.3.10", "https://nexus.lseg.stockex.local/repository/npm-all/ai/-/ai-4.3.10.tgz", { "dependencies": { "@ai-sdk/provider": "1.1.3", "@ai-sdk/provider-utils": "2.2.7", "@ai-sdk/react": "1.2.9", "@ai-sdk/ui-utils": "1.2.8", "@opentelemetry/api": "1.9.0", "jsondiffpatch": "0.6.0" }, "peerDependencies": { "react": "^18 || ^19 || ^19.0.0-rc", "zod": "^3.23.8" }, "optionalPeers": ["react"] }, "sha512-jw+ahNu+T4SHj9gtraIKtYhanJI6gj2IZ5BFcfEHgoyQVMln5a5beGjzl/nQSX6FxyLqJ/UBpClRa279EEKK/Q=="],

    "ansi-regex": ["ansi-regex@5.0.1", "https://nexus.lseg.stockex.local/repository/npm-all/ansi-regex/-/ansi-regex-5.0.1.tgz", {}, "sha512-quJQXlTSUGL2LH9SUXo8VwsY4soanhgo6LNSm84E1LBcE8s3O0wpdiRzyR9z/ZZJMlMWv37qOOb9pdJlMUEKFQ=="],

    "ast-kit": ["ast-kit@1.4.3", "https://nexus.lseg.stockex.local/repository/npm-all/ast-kit/-/ast-kit-1.4.3.tgz", { "dependencies": { "@babel/parser": "^7.27.0", "pathe": "^2.0.3" } }, "sha512-MdJqjpodkS5J149zN0Po+HPshkTdUyrvF7CKTafUgv69vBSPtncrj+3IiUgqdd7ElIEkbeXCsEouBUwLrw9Ilg=="],

    "bun-types": ["bun-types@1.2.11", "https://nexus.lseg.stockex.local/repository/npm-all/bun-types/-/bun-types-1.2.11.tgz", { "dependencies": { "@types/node": "*" } }, "sha512-dbkp5Lo8HDrXkLrONm6bk+yiiYQSntvFUzQp0v3pzTAsXk6FtgVMjdQ+lzFNVAmQFUkPQZ3WMZqH5tTo+Dp/IA=="],

    "bunup": ["bunup@0.5.11", "https://nexus.lseg.stockex.local/repository/npm-all/bunup/-/bunup-0.5.11.tgz", { "dependencies": { "chokidar": "^4.0.3", "coffi": "^0.1.26", "oxc-resolver": "^5.0.1", "oxc-transform": "^0.58.1", "rolldown": "1.0.0-beta.7", "rolldown-plugin-dts": "^0.9.4", "tinyexec": "^1.0.1", "ts-import-resolver": "^0.1.15" }, "peerDependencies": { "typescript": ">=4.5.0" }, "optionalPeers": ["typescript"], "bin": { "bunup": "dist/cli.js" } }, "sha512-azdm9A1lKBtHkUGJlFVe9iFXqNqpxlkQRd5n2OD72qO2ptQLBF7KkC+nIjBoxPoQh6EXznQs3pmfv3Krp9/3Aw=="],

    "chalk": ["chalk@5.4.1", "https://nexus.lseg.stockex.local/repository/npm-all/chalk/-/chalk-5.4.1.tgz", {}, "sha512-zgVZuo2WcZgfUEmsn6eO3kINexW8RAE4maiQ8QNs8CtpPCSyMiYsULR3HQYkm3w8FIA3SberyMJMSldGsW+U3w=="],

    "chokidar": ["chokidar@4.0.3", "https://nexus.lseg.stockex.local/repository/npm-all/chokidar/-/chokidar-4.0.3.tgz", { "dependencies": { "readdirp": "^4.0.1" } }, "sha512-Qgzu8kfBvo+cA4962jnP1KkS6Dop5NS6g7R5LFYJr4b8Ub94PPQXUksCw9PvXoeXPRRddRNC5C1JQUR2SMGtnA=="],

    "cli-progress": ["cli-progress@3.12.0", "https://nexus.lseg.stockex.local/repository/npm-all/cli-progress/-/cli-progress-3.12.0.tgz", { "dependencies": { "string-width": "^4.2.3" } }, "sha512-tRkV3HJ1ASwm19THiiLIXLO7Im7wlTuKnvkYaTkyoAPefqjNg7W7DHKUlGRxy9vxDvbyCYQkQozvptuMkGCg8A=="],

    "coffi": ["coffi@0.1.28", "https://nexus.lseg.stockex.local/repository/npm-all/coffi/-/coffi-0.1.28.tgz", { "dependencies": { "strip-json-comments": "^5.0.1" } }, "sha512-FjLBB7EBBM1k5JZUDt9VmpH3oO37EfwRTslAjF36JqBjLXcnfliXFcFqTmJYkrIgMhuw5ws+D9AhlZmOTgA3lw=="],

    "debug": ["debug@4.4.0", "https://nexus.lseg.stockex.local/repository/npm-all/debug/-/debug-4.4.0.tgz", { "dependencies": { "ms": "^2.1.3" } }, "sha512-6WTZ/IxCY/T6BALoZHaE4ctp9xm+Z5kY/pzYaCHRFeyVhojxlrm+46y68HA6hr0TcwEssoxNiDEUJQjfPZ/RYA=="],

    "dequal": ["dequal@2.0.3", "https://nexus.lseg.stockex.local/repository/npm-all/dequal/-/dequal-2.0.3.tgz", {}, "sha512-0je+qPKHEMohvfRTCEo3CrPG6cAzAYgmzKyxRiYSSDkS6eGJdyVJm7WaYA5ECaAD9wLB2T4EEeymA5aFVcYXCA=="],

    "diff-match-patch": ["diff-match-patch@1.0.5", "https://nexus.lseg.stockex.local/repository/npm-all/diff-match-patch/-/diff-match-patch-1.0.5.tgz", {}, "sha512-IayShXAgj/QMXgB0IWmKx+rOPuGMhqm5w6jvFxmVenXKIzRqTAAsbBPT3kWQeGANj3jGgvcvv4yK6SxqYmikgw=="],

    "dts-resolver": ["dts-resolver@1.0.1", "https://nexus.lseg.stockex.local/repository/npm-all/dts-resolver/-/dts-resolver-1.0.1.tgz", { "dependencies": { "oxc-resolver": "^6.0.0", "pathe": "^2.0.3" } }, "sha512-t+NRUvrugV5KfFibjlCmIWT1OBnCoPbl8xvxISGIlJy76IvNXwgTWo2FywUuJTBc6yyUWde9PORHqczyP1GTIA=="],

    "emoji-regex": ["emoji-regex@8.0.0", "https://nexus.lseg.stockex.local/repository/npm-all/emoji-regex/-/emoji-regex-8.0.0.tgz", {}, "sha512-MSjYzcWNOA0ewAHpz0MxpYFvwg6yjy1NG3xteoqz644VCo/RPgnr1/GGt+ic3iJTzQ8Eu3TdM14SawnVUmGE6A=="],

    "fuse.js": ["fuse.js@7.1.0", "https://nexus.lseg.stockex.local/repository/npm-all/fuse.js/-/fuse.js-7.1.0.tgz", {}, "sha512-trLf4SzuuUxfusZADLINj+dE8clK1frKdmqiJNb1Es75fmI5oY6X2mxLVUciLLjxqw/xr72Dhy+lER6dGd02FQ=="],

    "get-tsconfig": ["get-tsconfig@4.10.0", "https://nexus.lseg.stockex.local/repository/npm-all/get-tsconfig/-/get-tsconfig-4.10.0.tgz", { "dependencies": { "resolve-pkg-maps": "^1.0.0" } }, "sha512-kGzZ3LWWQcGIAmg6iWvXn0ei6WDtV26wzHRMwDSzmAbcXrTEXxHy6IehI6/4eT6VRKyMP1eF1VqwrVUmE/LR7A=="],

    "is-fullwidth-code-point": ["is-fullwidth-code-point@3.0.0", "https://nexus.lseg.stockex.local/repository/npm-all/is-fullwidth-code-point/-/is-fullwidth-code-point-3.0.0.tgz", {}, "sha512-zymm5+u+sCsSWyD9qNaejV3DFvhCKclKdizYaJUuHA83RLjb7nSuGnddCHGv0hk+KY7BMAlsWeK4Ueg6EV6XQg=="],

    "jsesc": ["jsesc@3.1.0", "https://nexus.lseg.stockex.local/repository/npm-all/jsesc/-/jsesc-3.1.0.tgz", { "bin": { "jsesc": "bin/jsesc" } }, "sha512-/sM3dO2FOzXjKQhJuo0Q173wf2KOo8t4I8vHy6lF9poUp7bKT0/NHE8fPX23PwfhnykfqnC2xRxOnVw5XuGIaA=="],

    "json-schema": ["json-schema@0.4.0", "https://nexus.lseg.stockex.local/repository/npm-all/json-schema/-/json-schema-0.4.0.tgz", {}, "sha512-es94M3nTIfsEPisRafak+HDLfHXnKBhV3vU5eqPcS3flIWqcxJWgXHXiey3YrpaNsanY5ei1VoYEbOzijuq9BA=="],

    "jsondiffpatch": ["jsondiffpatch@0.6.0", "https://nexus.lseg.stockex.local/repository/npm-all/jsondiffpatch/-/jsondiffpatch-0.6.0.tgz", { "dependencies": { "@types/diff-match-patch": "^1.0.36", "chalk": "^5.3.0", "diff-match-patch": "^1.0.5" }, "bin": { "jsondiffpatch": "bin/jsondiffpatch.js" } }, "sha512-3QItJOXp2AP1uv7waBkao5nCvhEv+QmJAd38Ybq7wNI74Q+BBmnLn4EDKz6yI9xGAIQoUF87qHt+kc1IVxB4zQ=="],

    "ms": ["ms@2.1.3", "https://nexus.lseg.stockex.local/repository/npm-all/ms/-/ms-2.1.3.tgz", {}, "sha512-6FlzubTLZG3J2a/NVCAleEhjzq5oxgHyaCU9yYXvcLsvoVaHJq/s5xXI6/XXP6tz7R9xAOtHnSO/tXtF3WRTlA=="],

    "nanoid": ["nanoid@3.3.11", "https://nexus.lseg.stockex.local/repository/npm-all/nanoid/-/nanoid-3.3.11.tgz", { "bin": { "nanoid": "bin/nanoid.cjs" } }, "sha512-N8SpfPUnUp1bK+PMYW8qSWdl9U+wwNWI4QKxOYDy9JAro3WMX7p2OeVRF9v+347pnakNevPmiHhNmZ2HbFA76w=="],

    "oxc-resolver": ["oxc-resolver@5.3.0", "https://nexus.lseg.stockex.local/repository/npm-all/oxc-resolver/-/oxc-resolver-5.3.0.tgz", { "optionalDependencies": { "@oxc-resolver/binding-darwin-arm64": "5.3.0", "@oxc-resolver/binding-darwin-x64": "5.3.0", "@oxc-resolver/binding-freebsd-x64": "5.3.0", "@oxc-resolver/binding-linux-arm-gnueabihf": "5.3.0", "@oxc-resolver/binding-linux-arm64-gnu": "5.3.0", "@oxc-resolver/binding-linux-arm64-musl": "5.3.0", "@oxc-resolver/binding-linux-riscv64-gnu": "5.3.0", "@oxc-resolver/binding-linux-s390x-gnu": "5.3.0", "@oxc-resolver/binding-linux-x64-gnu": "5.3.0", "@oxc-resolver/binding-linux-x64-musl": "5.3.0", "@oxc-resolver/binding-wasm32-wasi": "5.3.0", "@oxc-resolver/binding-win32-arm64-msvc": "5.3.0", "@oxc-resolver/binding-win32-x64-msvc": "5.3.0" } }, "sha512-FHqtZx0idP5QRPSNcI5g2ItmADg7fhR3XIeWg5eRMGfp44xqRpfkdvo+EX4ZceqV9bxvl0Z8vaqMqY0gYaNYNA=="],

    "oxc-transform": ["oxc-transform@0.58.1", "https://nexus.lseg.stockex.local/repository/npm-all/oxc-transform/-/oxc-transform-0.58.1.tgz", { "optionalDependencies": { "@oxc-transform/binding-darwin-arm64": "0.58.1", "@oxc-transform/binding-darwin-x64": "0.58.1", "@oxc-transform/binding-linux-arm-gnueabihf": "0.58.1", "@oxc-transform/binding-linux-arm64-gnu": "0.58.1", "@oxc-transform/binding-linux-arm64-musl": "0.58.1", "@oxc-transform/binding-linux-x64-gnu": "0.58.1", "@oxc-transform/binding-linux-x64-musl": "0.58.1", "@oxc-transform/binding-wasm32-wasi": "0.58.1", "@oxc-transform/binding-win32-arm64-msvc": "0.58.1", "@oxc-transform/binding-win32-x64-msvc": "0.58.1" } }, "sha512-xOG65Wi5Zp6MO8W4O3jyffWVhKLzqSgtfCC/W207dRLV4wkHyWuzoCgkiy/PUe1NqhC6SkiM603WspNS0AsOZg=="],

    "pathe": ["pathe@2.0.3", "https://nexus.lseg.stockex.local/repository/npm-all/pathe/-/pathe-2.0.3.tgz", {}, "sha512-WUjGcAqP1gQacoQe+OBJsFA7Ld4DyXuUIjZ5cc75cLHvJ7dtNsTugphxIADwspS+AraAUePCKrSVtPLFj/F88w=="],

    "picocolors": ["picocolors@1.1.1", "https://nexus.lseg.stockex.local/repository/npm-all/picocolors/-/picocolors-1.1.1.tgz", {}, "sha512-xceH2snhtb5M9liqDsmEw56le376mTZkEX/jEb/RxNFyegNul7eNslCXP9FDj/Lcu0X8KEyMceP2ntpaHrDEVA=="],

    "react": ["react@19.1.0", "https://nexus.lseg.stockex.local/repository/npm-all/react/-/react-19.1.0.tgz", {}, "sha512-FS+XFBNvn3GTAWq26joslQgWNoFu08F4kl0J4CgdNKADkdSGXQyTCnKteIAJy96Br6YbpEU1LSzV5dYtjMkMDg=="],

    "readdirp": ["readdirp@4.1.2", "https://nexus.lseg.stockex.local/repository/npm-all/readdirp/-/readdirp-4.1.2.tgz", {}, "sha512-GDhwkLfywWL2s6vEjyhri+eXmfH6j1L7JE27WhqLeYzoh/A3DBaYGEj2H/HFZCn/kMfim73FXxEJTw06WtxQwg=="],

    "resolve-pkg-maps": ["resolve-pkg-maps@1.0.0", "https://nexus.lseg.stockex.local/repository/npm-all/resolve-pkg-maps/-/resolve-pkg-maps-1.0.0.tgz", {}, "sha512-seS2Tj26TBVOC2NIc2rOe2y2ZO7efxITtLZcGSOnHHNOQ7CkiUBfw0Iw2ck6xkIhPwLhKNLS8BO+hEpngQlqzw=="],

    "rolldown": ["rolldown@1.0.0-beta.7", "https://nexus.lseg.stockex.local/repository/npm-all/rolldown/-/rolldown-1.0.0-beta.7.tgz", { "dependencies": { "@oxc-project/types": "0.61.2", "@valibot/to-json-schema": "1.0.0", "valibot": "1.0.0" }, "optionalDependencies": { "@rolldown/binding-darwin-arm64": "1.0.0-beta.7", "@rolldown/binding-darwin-x64": "1.0.0-beta.7", "@rolldown/binding-freebsd-x64": "1.0.0-beta.7", "@rolldown/binding-linux-arm-gnueabihf": "1.0.0-beta.7", "@rolldown/binding-linux-arm64-gnu": "1.0.0-beta.7", "@rolldown/binding-linux-arm64-musl": "1.0.0-beta.7", "@rolldown/binding-linux-x64-gnu": "1.0.0-beta.7", "@rolldown/binding-linux-x64-musl": "1.0.0-beta.7", "@rolldown/binding-wasm32-wasi": "1.0.0-beta.7", "@rolldown/binding-win32-arm64-msvc": "1.0.0-beta.7", "@rolldown/binding-win32-ia32-msvc": "1.0.0-beta.7", "@rolldown/binding-win32-x64-msvc": "1.0.0-beta.7" }, "peerDependencies": { "@oxc-project/runtime": "0.61.2" }, "optionalPeers": ["@oxc-project/runtime"], "bin": { "rolldown": "bin/cli.js" } }, "sha512-IUa/9lZVqgFilYggiY7jxUbmvU4Q8wVvVqsru+AeMldBccBEhTYZ6/XP6cWsznb8Fv49zfYGaeEpJ5WeVdo6Mg=="],

    "rolldown-plugin-dts": ["rolldown-plugin-dts@0.9.7", "https://nexus.lseg.stockex.local/repository/npm-all/rolldown-plugin-dts/-/rolldown-plugin-dts-0.9.7.tgz", { "dependencies": { "@babel/generator": "^7.27.0", "@babel/parser": "^7.27.0", "@babel/types": "^7.27.0", "ast-kit": "^1.4.3", "debug": "^4.4.0", "dts-resolver": "^1.0.1", "get-tsconfig": "^4.10.0", "oxc-transform": "^0.66.0" }, "peerDependencies": { "rolldown": "^1.0.0-beta.7", "typescript": "^5.0.0" }, "optionalPeers": ["typescript"] }, "sha512-aAJhyvmlZx/siIDNQ2CahSyLp0Hvp8xAJkiXa8eZmkZ/SPEOdSjB0StGay2VcFetCa0NhUBxr+LkO2BSQgaU/Q=="],

    "secure-json-parse": ["secure-json-parse@2.7.0", "https://nexus.lseg.stockex.local/repository/npm-all/secure-json-parse/-/secure-json-parse-2.7.0.tgz", {}, "sha512-6aU+Rwsezw7VR8/nyvKTx8QpWH9FrcYiXXlqC4z5d5XQBDRqtbfsRjnwGyqbi3gddNtWHuEk9OANUotL26qKUw=="],

    "sisteransi": ["sisteransi@1.0.5", "https://nexus.lseg.stockex.local/repository/npm-all/sisteransi/-/sisteransi-1.0.5.tgz", {}, "sha512-bLGGlR1QxBcynn2d5YmDX4MGjlZvy2MRBDRNHLJ8VI6l6+9FUiyTFNJ0IveOSP0bcXgVDPRcfGqA0pjaqUpfVg=="],

    "string-width": ["string-width@4.2.3", "https://nexus.lseg.stockex.local/repository/npm-all/string-width/-/string-width-4.2.3.tgz", { "dependencies": { "emoji-regex": "^8.0.0", "is-fullwidth-code-point": "^3.0.0", "strip-ansi": "^6.0.1" } }, "sha512-wKyQRQpjJ0sIp62ErSZdGsjMJWsap5oRNihHhu6G7JVO/9jIB6UyevL+tXuOqrng8j/cxKTWyWUwvSTriiZz/g=="],

    "strip-ansi": ["strip-ansi@6.0.1", "https://nexus.lseg.stockex.local/repository/npm-all/strip-ansi/-/strip-ansi-6.0.1.tgz", { "dependencies": { "ansi-regex": "^5.0.1" } }, "sha512-Y38VPSHcqkFrCpFnQ9vuSXmquuv5oXOKpGeT6aGrr3o3Gc9AlVa6JBfUSOCnbxGGZF+/0ooI7KrPuUSztUdU5A=="],

    "strip-json-comments": ["strip-json-comments@5.0.1", "https://nexus.lseg.stockex.local/repository/npm-all/strip-json-comments/-/strip-json-comments-5.0.1.tgz", {}, "sha512-0fk9zBqO67Nq5M/m45qHCJxylV/DhBlIOVExqgOMiCCrzrhU6tCibRXNqE3jwJLftzE9SNuZtYbpzcO+i9FiKw=="],

    "swr": ["swr@2.3.3", "https://nexus.lseg.stockex.local/repository/npm-all/swr/-/swr-2.3.3.tgz", { "dependencies": { "dequal": "^2.0.3", "use-sync-external-store": "^1.4.0" }, "peerDependencies": { "react": "^16.11.0 || ^17.0.0 || ^18.0.0 || ^19.0.0" } }, "sha512-dshNvs3ExOqtZ6kJBaAsabhPdHyeY4P2cKwRCniDVifBMoG/SVI7tfLWqPXriVspf2Rg4tPzXJTnwaihIeFw2A=="],

    "throttleit": ["throttleit@2.1.0", "https://nexus.lseg.stockex.local/repository/npm-all/throttleit/-/throttleit-2.1.0.tgz", {}, "sha512-nt6AMGKW1p/70DF/hGBdJB57B8Tspmbp5gfJ8ilhLnt7kkr2ye7hzD6NVG8GGErk2HWF34igrL2CXmNIkzKqKw=="],

    "tinyexec": ["tinyexec@1.0.1", "https://nexus.lseg.stockex.local/repository/npm-all/tinyexec/-/tinyexec-1.0.1.tgz", {}, "sha512-5uC6DDlmeqiOwCPmK9jMSdOuZTh8bU39Ys6yidB+UTt5hfZUPGAypSgFRiEp+jbi9qH40BLDvy85jIU88wKSqw=="],

    "ts-import-resolver": ["ts-import-resolver@0.1.16", "https://nexus.lseg.stockex.local/repository/npm-all/ts-import-resolver/-/ts-import-resolver-0.1.16.tgz", { "peerDependencies": { "typescript": ">=4.5.0" }, "optionalPeers": ["typescript"] }, "sha512-xMJOK2coT/2sZrJWWX/rlF/224ESE0Ns98cJnCWieNDkrU8EQNg77J1Rx0gfMkg1NwK+QWf0ymutkYYIfkbeRg=="],

    "tslib": ["tslib@2.8.1", "https://nexus.lseg.stockex.local/repository/npm-all/tslib/-/tslib-2.8.1.tgz", {}, "sha512-oJFu94HQb+KVduSUQL7wnpmqnfmLsOA/nAh6b6EH0wCEoK0/mPeXU6c3wKDV83MkOuHPRHtSXKKU99IBazS/2w=="],

    "typescript": ["typescript@5.8.3", "https://nexus.lseg.stockex.local/repository/npm-all/typescript/-/typescript-5.8.3.tgz", { "bin": { "tsc": "bin/tsc", "tsserver": "bin/tsserver" } }, "sha512-p1diW6TqL9L07nNxvRMM7hMMw4c5XOo/1ibL4aAIGmSAt9slTE1Xgw5KWuof2uTOvCg9BY7ZRi+GaF+7sfgPeQ=="],

    "undici-types": ["undici-types@6.21.0", "https://nexus.lseg.stockex.local/repository/npm-all/undici-types/-/undici-types-6.21.0.tgz", {}, "sha512-iwDZqg0QAGrg9Rav5H4n0M64c3mkR59cJ6wQp+7C4nI0gsmExaedaYLNO44eT4AtBBwjbTiGPMlt2Md0T9H9JQ=="],

    "use-sync-external-store": ["use-sync-external-store@1.5.0", "https://nexus.lseg.stockex.local/repository/npm-all/use-sync-external-store/-/use-sync-external-store-1.5.0.tgz", { "peerDependencies": { "react": "^16.8.0 || ^17.0.0 || ^18.0.0 || ^19.0.0" } }, "sha512-Rb46I4cGGVBmjamjphe8L/UnvJD+uPPtTkNvX5mZgqdbavhI4EbgIWJiIHXJ8bc/i9EQGPRh4DwEURJ552Do0A=="],

    "valibot": ["valibot@1.0.0", "https://nexus.lseg.stockex.local/repository/npm-all/valibot/-/valibot-1.0.0.tgz", { "peerDependencies": { "typescript": ">=5" }, "optionalPeers": ["typescript"] }, "sha512-1Hc0ihzWxBar6NGeZv7fPLY0QuxFMyxwYR2sF1Blu7Wq7EnremwY2W02tit2ij2VJT8HcSkHAQqmFfl77f73Yw=="],

    "zod": ["zod@3.24.3", "https://nexus.lseg.stockex.local/repository/npm-all/zod/-/zod-3.24.3.tgz", {}, "sha512-HhY1oqzWCQWuUqvBFnsyrtZRhyPeR7SUGv+C4+MsisMuVfSPx8HpwWqH8tRahSlt6M3PiFAcoeFhZAqIXTxoSg=="],

    "zod-to-json-schema": ["zod-to-json-schema@3.24.5", "https://nexus.lseg.stockex.local/repository/npm-all/zod-to-json-schema/-/zod-to-json-schema-3.24.5.tgz", { "peerDependencies": { "zod": "^3.24.1" } }, "sha512-/AuWwMP+YqiPbsJx5D6TfgRTc4kTLjsh5SOcd4bLsfUg2RcEXrFMJl1DGgdHy2aCfsIA/cr/1JM0xcB2GZji8g=="],

    "dts-resolver/oxc-resolver": ["oxc-resolver@6.0.2", "https://nexus.lseg.stockex.local/repository/npm-all/oxc-resolver/-/oxc-resolver-6.0.2.tgz", { "optionalDependencies": { "@oxc-resolver/binding-darwin-arm64": "6.0.2", "@oxc-resolver/binding-darwin-x64": "6.0.2", "@oxc-resolver/binding-freebsd-x64": "6.0.2", "@oxc-resolver/binding-linux-arm-gnueabihf": "6.0.2", "@oxc-resolver/binding-linux-arm64-gnu": "6.0.2", "@oxc-resolver/binding-linux-arm64-musl": "6.0.2", "@oxc-resolver/binding-linux-riscv64-gnu": "6.0.2", "@oxc-resolver/binding-linux-s390x-gnu": "6.0.2", "@oxc-resolver/binding-linux-x64-gnu": "6.0.2", "@oxc-resolver/binding-linux-x64-musl": "6.0.2", "@oxc-resolver/binding-wasm32-wasi": "6.0.2", "@oxc-resolver/binding-win32-arm64-msvc": "6.0.2", "@oxc-resolver/binding-win32-x64-msvc": "6.0.2" } }, "sha512-iO4XRuD6GzQpxGCIiW9bjVpIUPVETeH7vnhB0xQpXEq0mal67K3vrTlyB64imPCNV9iwpIjJM5W++ZlgCXII6A=="],

    "rolldown-plugin-dts/oxc-transform": ["oxc-transform@0.66.0", "https://nexus.lseg.stockex.local/repository/npm-all/oxc-transform/-/oxc-transform-0.66.0.tgz", { "optionalDependencies": { "@oxc-transform/binding-darwin-arm64": "0.66.0", "@oxc-transform/binding-darwin-x64": "0.66.0", "@oxc-transform/binding-linux-arm-gnueabihf": "0.66.0", "@oxc-transform/binding-linux-arm64-gnu": "0.66.0", "@oxc-transform/binding-linux-arm64-musl": "0.66.0", "@oxc-transform/binding-linux-x64-gnu": "0.66.0", "@oxc-transform/binding-linux-x64-musl": "0.66.0", "@oxc-transform/binding-wasm32-wasi": "0.66.0", "@oxc-transform/binding-win32-arm64-msvc": "0.66.0", "@oxc-transform/binding-win32-x64-msvc": "0.66.0" } }, "sha512-vfs0oVJAAgX8GrZ5jO1sQp29c4HYSZ4MTtievyqawSeNpqF0yj69tpAwpDZ+MxYt3dqZ8lrGh9Ji80YlG0hpoA=="],

    "dts-resolver/oxc-resolver/@oxc-resolver/binding-darwin-arm64": ["@oxc-resolver/binding-darwin-arm64@6.0.2", "https://nexus.lseg.stockex.local/repository/npm-all/@oxc-resolver/binding-darwin-arm64/-/binding-darwin-arm64-6.0.2.tgz", { "os": "darwin", "cpu": "arm64" }, "sha512-86IUnBOHrCQknSOGseG5vzzHCaPyPQK4VH4QGFo/Hcd7XloSwTj2oI2ia6+2/9wFNg5ysb9y6/IO+c4XJGGBew=="],

    "dts-resolver/oxc-resolver/@oxc-resolver/binding-darwin-x64": ["@oxc-resolver/binding-darwin-x64@6.0.2", "https://nexus.lseg.stockex.local/repository/npm-all/@oxc-resolver/binding-darwin-x64/-/binding-darwin-x64-6.0.2.tgz", { "os": "darwin", "cpu": "x64" }, "sha512-KHKUg2Tyz3W1Dugp1mDkUXv0P3+0jyiFHxBER/R/DxKh39XkOk2meTZ3dIc0ysM/0rEFW7H0rmIh5eGyv+0l5w=="],

    "dts-resolver/oxc-resolver/@oxc-resolver/binding-freebsd-x64": ["@oxc-resolver/binding-freebsd-x64@6.0.2", "https://nexus.lseg.stockex.local/repository/npm-all/@oxc-resolver/binding-freebsd-x64/-/binding-freebsd-x64-6.0.2.tgz", { "os": "freebsd", "cpu": "x64" }, "sha512-Sz2GF9ndHcnWbLq+uGeryJSh06NKqZHnPtwxugOQyeG9gkEDKc+UxG4ngWyxeBO0ZcGoeCQgYnngm1LFgjVLXA=="],

    "dts-resolver/oxc-resolver/@oxc-resolver/binding-linux-arm-gnueabihf": ["@oxc-resolver/binding-linux-arm-gnueabihf@6.0.2", "https://nexus.lseg.stockex.local/repository/npm-all/@oxc-resolver/binding-linux-arm-gnueabihf/-/binding-linux-arm-gnueabihf-6.0.2.tgz", { "os": "linux", "cpu": "arm" }, "sha512-Gq8Jbxru9HS6gv8g7FU6ednkHzH+9yTle5xJyNxuMUYFXkrUuvYBzS1Fysf6BUxlbLwMhVBMBZILhO+HYabdbg=="],

    "dts-resolver/oxc-resolver/@oxc-resolver/binding-linux-arm64-gnu": ["@oxc-resolver/binding-linux-arm64-gnu@6.0.2", "https://nexus.lseg.stockex.local/repository/npm-all/@oxc-resolver/binding-linux-arm64-gnu/-/binding-linux-arm64-gnu-6.0.2.tgz", { "os": "linux", "cpu": "arm64" }, "sha512-5YAv/XmkiZVAnSMIQ+y+0mq43yuJsGwmqOtj3feYPykBeHl3nu0Jje1Ql9pRWmTp9hJr21Ln/tVl1ee4bazlAg=="],

    "dts-resolver/oxc-resolver/@oxc-resolver/binding-linux-arm64-musl": ["@oxc-resolver/binding-linux-arm64-musl@6.0.2", "https://nexus.lseg.stockex.local/repository/npm-all/@oxc-resolver/binding-linux-arm64-musl/-/binding-linux-arm64-musl-6.0.2.tgz", { "os": "linux", "cpu": "arm64" }, "sha512-zei0sV43KJCODjEyHG2XTeMTyg7Dz+Or3847XIOnq1g+UdcS4WKe2ilLgOmGWO1xE1YImU9cPr9lfSCnGbnbEg=="],

    "dts-resolver/oxc-resolver/@oxc-resolver/binding-linux-riscv64-gnu": ["@oxc-resolver/binding-linux-riscv64-gnu@6.0.2", "https://nexus.lseg.stockex.local/repository/npm-all/@oxc-resolver/binding-linux-riscv64-gnu/-/binding-linux-riscv64-gnu-6.0.2.tgz", { "os": "linux", "cpu": "none" }, "sha512-z/uHEcgx4AZBq19JLHBNrGSNpKdnQg7GxNEJdKwLNnEDXk6jyV4+aPFACtPGS93aCuSRmwFuGyA5MzKgPcxf3g=="],

    "dts-resolver/oxc-resolver/@oxc-resolver/binding-linux-s390x-gnu": ["@oxc-resolver/binding-linux-s390x-gnu@6.0.2", "https://nexus.lseg.stockex.local/repository/npm-all/@oxc-resolver/binding-linux-s390x-gnu/-/binding-linux-s390x-gnu-6.0.2.tgz", { "os": "linux", "cpu": "s390x" }, "sha512-2qIGQcjYwose7G+sW9NCLNXhGocnsBP5sQzghrUV6BkoNR4i77B4YHyCZA7DgPzbJAC9SJivfZOD35flaqF1Vg=="],

    "dts-resolver/oxc-resolver/@oxc-resolver/binding-linux-x64-gnu": ["@oxc-resolver/binding-linux-x64-gnu@6.0.2", "https://nexus.lseg.stockex.local/repository/npm-all/@oxc-resolver/binding-linux-x64-gnu/-/binding-linux-x64-gnu-6.0.2.tgz", { "os": "linux", "cpu": "x64" }, "sha512-c0VSjaGXa//deVhBGx2bd4dgAv3ietmPKQOuLyV0x7qsBJnGtytRLytljdLicBkPVUSBj5nvgLYJvUyXwoeYJw=="],

    "dts-resolver/oxc-resolver/@oxc-resolver/binding-linux-x64-musl": ["@oxc-resolver/binding-linux-x64-musl@6.0.2", "https://nexus.lseg.stockex.local/repository/npm-all/@oxc-resolver/binding-linux-x64-musl/-/binding-linux-x64-musl-6.0.2.tgz", { "os": "linux", "cpu": "x64" }, "sha512-j6qVZY0WMFcgPlT0iROlbowahY+XcX6sTcoSp7UubiXWo0QHwO8SgJuqe4bX25cH7NOiYvEHj+shALY73ad0Uw=="],

    "dts-resolver/oxc-resolver/@oxc-resolver/binding-wasm32-wasi": ["@oxc-resolver/binding-wasm32-wasi@6.0.2", "https://nexus.lseg.stockex.local/repository/npm-all/@oxc-resolver/binding-wasm32-wasi/-/binding-wasm32-wasi-6.0.2.tgz", { "dependencies": { "@napi-rs/wasm-runtime": "^0.2.9" }, "cpu": "none" }, "sha512-ptlIqfqyBzPEnvP7moGQzYOKRmqbyNyRg+Q2sqU/sqfC4hAkceBQFuzCYwWSb1zOu2Z7rvhx/8ducR6c4+2qtw=="],

    "dts-resolver/oxc-resolver/@oxc-resolver/binding-win32-arm64-msvc": ["@oxc-resolver/binding-win32-arm64-msvc@6.0.2", "https://nexus.lseg.stockex.local/repository/npm-all/@oxc-resolver/binding-win32-arm64-msvc/-/binding-win32-arm64-msvc-6.0.2.tgz", { "os": "win32", "cpu": "arm64" }, "sha512-w53d0B4PqbpWejFroeTCMwsE+E2k0KxzwTo2OReKdP0zU0pSTkvi/S3EGsUDLfVyQzGSgtIs12AsSLtJDmUMvg=="],

    "dts-resolver/oxc-resolver/@oxc-resolver/binding-win32-x64-msvc": ["@oxc-resolver/binding-win32-x64-msvc@6.0.2", "https://nexus.lseg.stockex.local/repository/npm-all/@oxc-resolver/binding-win32-x64-msvc/-/binding-win32-x64-msvc-6.0.2.tgz", { "os": "win32", "cpu": "x64" }, "sha512-VCsWMFEmJJqkasuZC7TngxensVGZ0cDX5xqYigs7SCzM0kNH1Um+Ke+O3U1raHzwUiIdJzevpZCwmaFjE3TItg=="],

    "rolldown-plugin-dts/oxc-transform/@oxc-transform/binding-darwin-arm64": ["@oxc-transform/binding-darwin-arm64@0.66.0", "https://nexus.lseg.stockex.local/repository/npm-all/@oxc-transform/binding-darwin-arm64/-/binding-darwin-arm64-0.66.0.tgz", { "os": "darwin", "cpu": "arm64" }, "sha512-EVaarR0u/ohSc66oOsMY+SIhLy0YXRIvVeCEoNKOQe+UCzDrd344YH0qxlfQ3EIGzUhf4NqBWuXvZTWJq4qdTA=="],

    "rolldown-plugin-dts/oxc-transform/@oxc-transform/binding-darwin-x64": ["@oxc-transform/binding-darwin-x64@0.66.0", "https://nexus.lseg.stockex.local/repository/npm-all/@oxc-transform/binding-darwin-x64/-/binding-darwin-x64-0.66.0.tgz", { "os": "darwin", "cpu": "x64" }, "sha512-nmvKnIsqkVAHfpQkdEoWYcYFSiPjWc5ioM4UfdJB3RbIdusoyqBJLywDec1PHE770lTfHxHccMy1vk2dr25cVw=="],

    "rolldown-plugin-dts/oxc-transform/@oxc-transform/binding-linux-arm-gnueabihf": ["@oxc-transform/binding-linux-arm-gnueabihf@0.66.0", "https://nexus.lseg.stockex.local/repository/npm-all/@oxc-transform/binding-linux-arm-gnueabihf/-/binding-linux-arm-gnueabihf-0.66.0.tgz", { "os": "linux", "cpu": "arm" }, "sha512-RX94vb6+8JWylYuW0Restg6Gs7xxzmdZ96nHRSw281XPoHX94wHkGd8VMo7bUrPYsoRn5AmyIjH67gUNvsJiqw=="],

    "rolldown-plugin-dts/oxc-transform/@oxc-transform/binding-linux-arm64-gnu": ["@oxc-transform/binding-linux-arm64-gnu@0.66.0", "https://nexus.lseg.stockex.local/repository/npm-all/@oxc-transform/binding-linux-arm64-gnu/-/binding-linux-arm64-gnu-0.66.0.tgz", { "os": "linux", "cpu": "arm64" }, "sha512-KX2XLdeEnM8AxlL5IyylR0HkfEMD1z8OgNm3WKMB1CFxdJumni7EAPr1AlLVhvoiHyELk73Rrt6BR3+iVE3kEw=="],

    "rolldown-plugin-dts/oxc-transform/@oxc-transform/binding-linux-arm64-musl": ["@oxc-transform/binding-linux-arm64-musl@0.66.0", "https://nexus.lseg.stockex.local/repository/npm-all/@oxc-transform/binding-linux-arm64-musl/-/binding-linux-arm64-musl-0.66.0.tgz", { "os": "linux", "cpu": "arm64" }, "sha512-fIiNlCEJFpVOWeFUVvEpfU06WShfseIsbNYmna9ah69XUYTivKYRelctLp3OGyUZusO0Hux6eA6vXj/K0X4NNA=="],

    "rolldown-plugin-dts/oxc-transform/@oxc-transform/binding-linux-x64-gnu": ["@oxc-transform/binding-linux-x64-gnu@0.66.0", "https://nexus.lseg.stockex.local/repository/npm-all/@oxc-transform/binding-linux-x64-gnu/-/binding-linux-x64-gnu-0.66.0.tgz", { "os": "linux", "cpu": "x64" }, "sha512-RawpLg84jX7EB5RORjPXycOqlYqSHS40oPewrcYrn6uNKmQKBjZZQ99p+hNj7QKoON6GxfAPGKmYxXMgFRNuNg=="],

    "rolldown-plugin-dts/oxc-transform/@oxc-transform/binding-linux-x64-musl": ["@oxc-transform/binding-linux-x64-musl@0.66.0", "https://nexus.lseg.stockex.local/repository/npm-all/@oxc-transform/binding-linux-x64-musl/-/binding-linux-x64-musl-0.66.0.tgz", { "os": "linux", "cpu": "x64" }, "sha512-L5ftqB+nNVCcWhwfmhhWLVWfjII2WxmF6JbjiSoqJdsDBnb+EzlZKRk3pYhe9ESD2Kl5rhGCPSBcWkdqsmIreQ=="],

    "rolldown-plugin-dts/oxc-transform/@oxc-transform/binding-wasm32-wasi": ["@oxc-transform/binding-wasm32-wasi@0.66.0", "https://nexus.lseg.stockex.local/repository/npm-all/@oxc-transform/binding-wasm32-wasi/-/binding-wasm32-wasi-0.66.0.tgz", { "dependencies": { "@napi-rs/wasm-runtime": "^0.2.9" }, "cpu": "none" }, "sha512-8W8iifV4uvXP4n7qbsxHw3QzLib4F4Er3DOWqvjaSj/A0Ipyc4foX8mitVV6kJrh0DwP+Bcx6ohvawh9xN9AzQ=="],

    "rolldown-plugin-dts/oxc-transform/@oxc-transform/binding-win32-arm64-msvc": ["@oxc-transform/binding-win32-arm64-msvc@0.66.0", "https://nexus.lseg.stockex.local/repository/npm-all/@oxc-transform/binding-win32-arm64-msvc/-/binding-win32-arm64-msvc-0.66.0.tgz", { "os": "win32", "cpu": "arm64" }, "sha512-E+dsoSIb9Ei/YSAZZGg4qLX7jiSbD/SzZEkxTl1pJpBVF9Dbq5D/9FcWe52qe3VegkUG2w8XwGmtaeeLikR/wA=="],

    "rolldown-plugin-dts/oxc-transform/@oxc-transform/binding-win32-x64-msvc": ["@oxc-transform/binding-win32-x64-msvc@0.66.0", "https://nexus.lseg.stockex.local/repository/npm-all/@oxc-transform/binding-win32-x64-msvc/-/binding-win32-x64-msvc-0.66.0.tgz", { "os": "win32", "cpu": "x64" }, "sha512-ZsIZeXr4Zexz/Sm4KoRlkjHda56eSCQizCM0E0fSyROwCjSiG+LT+L5czydBxietD1dZ4gSif8nMKzTMQrra7A=="],
  }
}
